// !$*UTF8*$!
{
	archiveVersion = 1;
	classes = {
	};
	objectVersion = 50;
	objects = {

/* Begin PBXBuildFile section */
		B83037FF21F6CB990064316D /* AppDelegate.swift in Sources */ = {isa = PBXBuildFile; fileRef = B83037FE21F6CB990064316D /* AppDelegate.swift */; };
		B830380121F6CB990064316D /* GoalsVC.swift in Sources */ = {isa = PBXBuildFile; fileRef = B830380021F6CB990064316D /* GoalsVC.swift */; };
		B830380421F6CB990064316D /* Main.storyboard in Resources */ = {isa = PBXBuildFile; fileRef = B830380221F6CB990064316D /* Main.storyboard */; };
		B830380721F6CB990064316D /* goalpost_app.xcdatamodeld in Sources */ = {isa = PBXBuildFile; fileRef = B830380521F6CB990064316D /* goalpost_app.xcdatamodeld */; };
		B830380921F6CB9A0064316D /* Assets.xcassets in Resources */ = {isa = PBXBuildFile; fileRef = B830380821F6CB9A0064316D /* Assets.xcassets */; };
		B830380C21F6CB9A0064316D /* LaunchScreen.storyboard in Resources */ = {isa = PBXBuildFile; fileRef = B830380A21F6CB9A0064316D /* LaunchScreen.storyboard */; };
		B89EB23421F701AB00742D99 /* GoalType.swift in Sources */ = {isa = PBXBuildFile; fileRef = B89EB23321F701AB00742D99 /* GoalType.swift */; };
		B8B5F0CC21F6F6A5007CE427 /* GoalCell.swift in Sources */ = {isa = PBXBuildFile; fileRef = B8B5F0CB21F6F6A5007CE427 /* GoalCell.swift */; };
/* End PBXBuildFile section */

/* Begin PBXFileReference section */
		B83037FB21F6CB990064316D /* goalpost-app.app */ = {isa = PBXFileReference; explicitFileType = wrapper.application; includeInIndex = 0; path = "goalpost-app.app"; sourceTree = BUILT_PRODUCTS_DIR; };
		B83037FE21F6CB990064316D /* AppDelegate.swift */ = {isa = PBXFileReference; lastKnownFileType = sourcecode.swift; path = AppDelegate.swift; sourceTree = "<group>"; };
		B830380021F6CB990064316D /* GoalsVC.swift */ = {isa = PBXFileReference; lastKnownFileType = sourcecode.swift; path = GoalsVC.swift; sourceTree = "<group>"; };
		B830380321F6CB990064316D /* Base */ = {isa = PBXFileReference; lastKnownFileType = file.storyboard; name = Base; path = Base.lproj/Main.storyboard; sourceTree = "<group>"; };
		B830380621F6CB990064316D /* goalpost_app.xcdatamodel */ = {isa = PBXFileReference; lastKnownFileType = wrapper.xcdatamodel; path = goalpost_app.xcdatamodel; sourceTree = "<group>"; };
		B830380821F6CB9A0064316D /* Assets.xcassets */ = {isa = PBXFileReference; lastKnownFileType = folder.assetcatalog; path = Assets.xcassets; sourceTree = "<group>"; };
		B830380B21F6CB9A0064316D /* Base */ = {isa = PBXFileReference; lastKnownFileType = file.storyboard; name = Base; path = Base.lproj/LaunchScreen.storyboard; sourceTree = "<group>"; };
		B830380D21F6CB9A0064316D /* Info.plist */ = {isa = PBXFileReference; lastKnownFileType = text.plist.xml; path = Info.plist; sourceTree = "<group>"; };
		B89EB23321F701AB00742D99 /* GoalType.swift */ = {isa = PBXFileReference; lastKnownFileType = sourcecode.swift; path = GoalType.swift; sourceTree = "<group>"; };
		B8B5F0CB21F6F6A5007CE427 /* GoalCell.swift */ = {isa = PBXFileReference; lastKnownFileType = sourcecode.swift; path = GoalCell.swift; sourceTree = "<group>"; };
/* End PBXFileReference section */

/* Begin PBXFrameworksBuildPhase section */
		B83037F821F6CB990064316D /* Frameworks */ = {
			isa = PBXFrameworksBuildPhase;
			buildActionMask = 2147483647;
			files = (
			);
			runOnlyForDeploymentPostprocessing = 0;
		};
/* End PBXFrameworksBuildPhase section */

/* Begin PBXGroup section */
		B83037F221F6CB990064316D = {
			isa = PBXGroup;
			children = (
				B83037FD21F6CB990064316D /* goalpost-app */,
				B83037FC21F6CB990064316D /* Products */,
			);
			sourceTree = "<group>";
		};
		B83037FC21F6CB990064316D /* Products */ = {
			isa = PBXGroup;
			children = (
				B83037FB21F6CB990064316D /* goalpost-app.app */,
			);
			name = Products;
			sourceTree = "<group>";
		};
		B83037FD21F6CB990064316D /* goalpost-app */ = {
			isa = PBXGroup;
			children = (
				B830381621F6CCE40064316D /* Extensions */,
				B830381521F6CCDE0064316D /* Enums */,
				B830381421F6CC160064316D /* Controller */,
				B830381321F6CC100064316D /* View */,
				B83037FE21F6CB990064316D /* AppDelegate.swift */,
				B830380221F6CB990064316D /* Main.storyboard */,
				B830380821F6CB9A0064316D /* Assets.xcassets */,
				B830380A21F6CB9A0064316D /* LaunchScreen.storyboard */,
				B830380D21F6CB9A0064316D /* Info.plist */,
				B830380521F6CB990064316D /* goalpost_app.xcdatamodeld */,
			);
			path = "goalpost-app";
			sourceTree = "<group>";
		};
		B830381321F6CC100064316D /* View */ = {
			isa = PBXGroup;
			children = (
				B8B5F0CB21F6F6A5007CE427 /* GoalCell.swift */,
			);
			path = View;
			sourceTree = "<group>";
		};
		B830381421F6CC160064316D /* Controller */ = {
			isa = PBXGroup;
			children = (
				B830380021F6CB990064316D /* GoalsVC.swift */,
			);
			path = Controller;
			sourceTree = "<group>";
		};
		B830381521F6CCDE0064316D /* Enums */ = {
			isa = PBXGroup;
			children = (
				B89EB23321F701AB00742D99 /* GoalType.swift */,
			);
			path = Enums;
			sourceTree = "<group>";
		};
		B830381621F6CCE40064316D /* Extensions */ = {
			isa = PBXGroup;
			children = (
			);
			path = Extensions;
			sourceTree = "<group>";
		};
/* End PBXGroup section */

/* Begin PBXNativeTarget section */
		B83037FA21F6CB990064316D /* goalpost-app */ = {
			isa = PBXNativeTarget;
			buildConfigurationList = B830381021F6CB9A0064316D /* Build configuration list for PBXNativeTarget "goalpost-app" */;
			buildPhases = (
				B83037F721F6CB990064316D /* Sources */,
				B83037F821F6CB990064316D /* Frameworks */,
				B83037F921F6CB990064316D /* Resources */,
			);
			buildRules = (
			);
			dependencies = (
			);
			name = "goalpost-app";
			productName = "goalpost-app";
			productReference = B83037FB21F6CB990064316D /* goalpost-app.app */;
			productType = "com.apple.product-type.application";
		};
/* End PBXNativeTarget section */

/* Begin PBXProject section */
		B83037F321F6CB990064316D /* Project object */ = {
			isa = PBXProject;
			attributes = {
				LastSwiftUpdateCheck = 1010;
				LastUpgradeCheck = 1010;
				ORGANIZATIONNAME = Graphene;
				TargetAttributes = {
					B83037FA21F6CB990064316D = {
						CreatedOnToolsVersion = 10.1;
					};
				};
			};
			buildConfigurationList = B83037F621F6CB990064316D /* Build configuration list for PBXProject "goalpost-app" */;
			compatibilityVersion = "Xcode 9.3";
			developmentRegion = en;
			hasScannedForEncodings = 0;
			knownRegions = (
				en,
				Base,
			);
			mainGroup = B83037F221F6CB990064316D;
			productRefGroup = B83037FC21F6CB990064316D /* Products */;
			projectDirPath = "";
			projectRoot = "";
			targets = (
				B83037FA21F6CB990064316D /* goalpost-app */,
			);
		};
/* End PBXProject section */

/* Begin PBXResourcesBuildPhase section */
		B83037F921F6CB990064316D /* Resources */ = {
			isa = PBXResourcesBuildPhase;
			buildActionMask = 2147483647;
			files = (
				B830380C21F6CB9A0064316D /* LaunchScreen.storyboard in Resources */,
				B830380921F6CB9A0064316D /* Assets.xcassets in Resources */,
				B830380421F6CB990064316D /* Main.storyboard in Resources */,
			);
			runOnlyForDeploymentPostprocessing = 0;
		};
/* End PBXResourcesBuildPhase section */

/* Begin PBXSourcesBuildPhase section */
		B83037F721F6CB990064316D /* Sources */ = {
			isa = PBXSourcesBuildPhase;
			buildActionMask = 2147483647;
			files = (
				B8B5F0CC21F6F6A5007CE427 /* GoalCell.swift in Sources */,
				B89EB23421F701AB00742D99 /* GoalType.swift in Sources */,
				B830380121F6CB990064316D /* GoalsVC.swift in Sources */,
				B83037FF21F6CB990064316D /* AppDelegate.swift in Sources */,
				B830380721F6CB990064316D /* goalpost_app.xcdatamodeld in Sources */,
			);
			runOnlyForDeploymentPostprocessing = 0;
		};
/* End PBXSourcesBuildPhase section */

/* Begin PBXVariantGroup section */
		B830380221F6CB990064316D /* Main.storyboard */ = {
			isa = PBXVariantGroup;
			children = (
				B830380321F6CB990064316D /* Base */,
			);
			name = Main.storyboard;
			sourceTree = "<group>";
		};
		B830380A21F6CB9A0064316D /* LaunchScreen.storyboard */ = {
			isa = PBXVariantGroup;
			children = (
				B830380B21F6CB9A0064316D /* Base */,
			);
			name = LaunchScreen.storyboard;
			sourceTree = "<group>";
		};
/* End PBXVariantGroup section */

/* Begin XCBuildConfiguration section */
		B830380E21F6CB9A0064316D /* Debug */ = {
			isa = XCBuildConfiguration;
			buildSettings = {
				ALWAYS_SEARCH_USER_PATHS = NO;
				CLANG_ANALYZER_NONNULL = YES;
				CLANG_ANALYZER_NUMBER_OBJECT_CONVERSION = YES_AGGRESSIVE;
				CLANG_CXX_LANGUAGE_STANDARD = "gnu++14";
				CLANG_CXX_LIBRARY = "libc++";
				CLANG_ENABLE_MODULES = YES;
				CLANG_ENABLE_OBJC_ARC = YES;
				CLANG_ENABLE_OBJC_WEAK = YES;
				CLANG_WARN_BLOCK_CAPTURE_AUTORELEASING = YES;
				CLANG_WARN_BOOL_CONVERSION = YES;
				CLANG_WARN_COMMA = YES;
				CLANG_WARN_CONSTANT_CONVERSION = YES;
				CLANG_WARN_DEPRECATED_OBJC_IMPLEMENTATIONS = YES;
				CLANG_WARN_DIRECT_OBJC_ISA_USAGE = YES_ERROR;
				CLANG_WARN_DOCUMENTATION_COMMENTS = YES;
				CLANG_WARN_EMPTY_BODY = YES;
				CLANG_WARN_ENUM_CONVERSION = YES;
				CLANG_WARN_INFINITE_RECURSION = YES;
				CLANG_WARN_INT_CONVERSION = YES;
				CLANG_WARN_NON_LITERAL_NULL_CONVERSION = YES;
				CLANG_WARN_OBJC_IMPLICIT_RETAIN_SELF = YES;
				CLANG_WARN_OBJC_LITERAL_CONVERSION = YES;
				CLANG_WARN_OBJC_ROOT_CLASS = YES_ERROR;
				CLANG_WARN_RANGE_LOOP_ANALYSIS = YES;
				CLANG_WARN_STRICT_PROTOTYPES = YES;
				CLANG_WARN_SUSPICIOUS_MOVE = YES;
				CLANG_WARN_UNGUARDED_AVAILABILITY = YES_AGGRESSIVE;
				CLANG_WARN_UNREACHABLE_CODE = YES;
				CLANG_WARN__DUPLICATE_METHOD_MATCH = YES;
				CODE_SIGN_IDENTITY = "iPhone Developer";
				COPY_PHASE_STRIP = NO;
				DEBUG_INFORMATION_FORMAT = dwarf;
				ENABLE_STRICT_OBJC_MSGSEND = YES;
				ENABLE_TESTABILITY = YES;
				GCC_C_LANGUAGE_STANDARD = gnu11;
				GCC_DYNAMIC_NO_PIC = NO;
				GCC_NO_COMMON_BLOCKS = YES;
				GCC_OPTIMIZATION_LEVEL = 0;
				GCC_PREPROCESSOR_DEFINITIONS = (
					"DEBUG=1",
					"$(inherited)",
				);
				GCC_WARN_64_TO_32_BIT_CONVERSION = YES;
				GCC_WARN_ABOUT_RETURN_TYPE = YES_ERROR;
				GCC_WARN_UNDECLARED_SELECTOR = YES;
				GCC_WARN_UNINITIALIZED_AUTOS = YES_AGGRESSIVE;
				GCC_WARN_UNUSED_FUNCTION = YES;
				GCC_WARN_UNUSED_VARIABLE = YES;
				IPHONEOS_DEPLOYMENT_TARGET = 12.1;
				MTL_ENABLE_DEBUG_INFO = INCLUDE_SOURCE;
				MTL_FAST_MATH = YES;
				ONLY_ACTIVE_ARCH = YES;
				SDKROOT = iphoneos;
				SWIFT_ACTIVE_COMPILATION_CONDITIONS = DEBUG;
				SWIFT_OPTIMIZATION_LEVEL = "-Onone";
			};
			name = Debug;
		};
		B830380F21F6CB9A0064316D /* Release */ = {
			isa = XCBuildConfiguration;
			buildSettings = {
				ALWAYS_SEARCH_USER_PATHS = NO;
				CLANG_ANALYZER_NONNULL = YES;
				CLANG_ANALYZER_NUMBER_OBJECT_CONVERSION = YES_AGGRESSIVE;
				CLANG_CXX_LANGUAGE_STANDARD = "gnu++14";
				CLANG_CXX_LIBRARY = "libc++";
				CLANG_ENABLE_MODULES = YES;
				CLANG_ENABLE_OBJC_ARC = YES;
				CLANG_ENABLE_OBJC_WEAK = YES;
				CLANG_WARN_BLOCK_CAPTURE_AUTORELEASING = YES;
				CLANG_WARN_BOOL_CONVERSION = YES;
				CLANG_WARN_COMMA = YES;
				CLANG_WARN_CONSTANT_CONVERSION = YES;
				CLANG_WARN_DEPRECATED_OBJC_IMPLEMENTATIONS = YES;
				CLANG_WARN_DIRECT_OBJC_ISA_USAGE = YES_ERROR;
				CLANG_WARN_DOCUMENTATION_COMMENTS = YES;
				CLANG_WARN_EMPTY_BODY = YES;
				CLANG_WARN_ENUM_CONVERSION = YES;
				CLANG_WARN_INFINITE_RECURSION = YES;
				CLANG_WARN_INT_CONVERSION = YES;
				CLANG_WARN_NON_LITERAL_NULL_CONVERSION = YES;
				CLANG_WARN_OBJC_IMPLICIT_RETAIN_SELF = YES;
				CLANG_WARN_OBJC_LITERAL_CONVERSION = YES;
				CLANG_WARN_OBJC_ROOT_CLASS = YES_ERROR;
				CLANG_WARN_RANGE_LOOP_ANALYSIS = YES;
				CLANG_WARN_STRICT_PROTOTYPES = YES;
				CLANG_WARN_SUSPICIOUS_MOVE = YES;
				CLANG_WARN_UNGUARDED_AVAILABILITY = YES_AGGRESSIVE;
				CLANG_WARN_UNREACHABLE_CODE = YES;
				CLANG_WARN__DUPLICATE_METHOD_MATCH = YES;
				CODE_SIGN_IDENTITY = "iPhone Developer";
				COPY_PHASE_STRIP = NO;
				DEBUG_INFORMATION_FORMAT = "dwarf-with-dsym";
				ENABLE_NS_ASSERTIONS = NO;
				ENABLE_STRICT_OBJC_MSGSEND = YES;
				GCC_C_LANGUAGE_STANDARD = gnu11;
				GCC_NO_COMMON_BLOCKS = YES;
				GCC_WARN_64_TO_32_BIT_CONVERSION = YES;
				GCC_WARN_ABOUT_RETURN_TYPE = YES_ERROR;
				GCC_WARN_UNDECLARED_SELECTOR = YES;
				GCC_WARN_UNINITIALIZED_AUTOS = YES_AGGRESSIVE;
				GCC_WARN_UNUSED_FUNCTION = YES;
				GCC_WARN_UNUSED_VARIABLE = YES;
				IPHONEOS_DEPLOYMENT_TARGET = 12.1;
				MTL_ENABLE_DEBUG_INFO = NO;
				MTL_FAST_MATH = YES;
				SDKROOT = iphoneos;
				SWIFT_COMPILATION_MODE = wholemodule;
				SWIFT_OPTIMIZATION_LEVEL = "-O";
				VALIDATE_PRODUCT = YES;
			};
			name = Release;
		};
		B830381121F6CB9A0064316D /* Debug */ = {
			isa = XCBuildConfiguration;
			buildSettings = {
				ASSETCATALOG_COMPILER_APPICON_NAME = AppIcon;
				CODE_SIGN_STYLE = Automatic;
				INFOPLIST_FILE = "goalpost-app/Info.plist";
				LD_RUNPATH_SEARCH_PATHS = (
					"$(inherited)",
					"@executable_path/Frameworks",
				);
				PRODUCT_BUNDLE_IDENTIFIER = "RMIT.s3538332.goalpost-app";
				PRODUCT_NAME = "$(TARGET_NAME)";
				SWIFT_VERSION = 4.2;
				TARGETED_DEVICE_FAMILY = "1,2";
			};
			name = Debug;
		};
		B830381221F6CB9A0064316D /* Release */ = {
			isa = XCBuildConfiguration;
			buildSettings = {
				ASSETCATALOG_COMPILER_APPICON_NAME = AppIcon;
				CODE_SIGN_STYLE = Automatic;
				INFOPLIST_FILE = "goalpost-app/Info.plist";
				LD_RUNPATH_SEARCH_PATHS = (
					"$(inherited)",
					"@executable_path/Frameworks",
				);
				PRODUCT_BUNDLE_IDENTIFIER = "RMIT.s3538332.goalpost-app";
				PRODUCT_NAME = "$(TARGET_NAME)";
				SWIFT_VERSION = 4.2;
				TARGETED_DEVICE_FAMILY = "1,2";
			};
			name = Release;
		};
/* End XCBuildConfiguration section */

/* Begin XCConfigurationList section */
		B83037F621F6CB990064316D /* Build configuration list for PBXProject "goalpost-app" */ = {
			isa = XCConfigurationList;
			buildConfigurations = (
				B830380E21F6CB9A0064316D /* Debug */,
				B830380F21F6CB9A0064316D /* Release */,
			);
			defaultConfigurationIsVisible = 0;
			defaultConfigurationName = Release;
		};
		B830381021F6CB9A0064316D /* Build configuration list for PBXNativeTarget "goalpost-app" */ = {
			isa = XCConfigurationList;
			buildConfigurations = (
				B830381121F6CB9A0064316D /* Debug */,
				B830381221F6CB9A0064316D /* Release */,
			);
			defaultConfigurationIsVisible = 0;
			defaultConfigurationName = Release;
		};
/* End XCConfigurationList section */

/* Begin XCVersionGroup section */
		B830380521F6CB990064316D /* goalpost_app.xcdatamodeld */ = {
			isa = XCVersionGroup;
			children = (
				B830380621F6CB990064316D /* goalpost_app.xcdatamodel */,
			);
			currentVersion = B830380621F6CB990064316D /* goalpost_app.xcdatamodel */;
			path = goalpost_app.xcdatamodeld;
			sourceTree = "<group>";
			versionGroupType = wrapper.xcdatamodel;
		};
/* End XCVersionGroup section */
	};
	rootObject = B83037F321F6CB990064316D /* Project object */;
}
